// !$*UTF8*$!
{
	archiveVersion = 1;
	classes = {
	};
	objectVersion = 56;
	objects = {

/* Begin PBXBuildFile section */
		2400585528C512DB0096FB7F /* TimeManager.swift in Sources */ = {isa = PBXBuildFile; fileRef = 2400585428C512DB0096FB7F /* TimeManager.swift */; };
		2400585728C5144A0096FB7F /* SampleRow.swift in Sources */ = {isa = PBXBuildFile; fileRef = 2400585628C5144A0096FB7F /* SampleRow.swift */; };
		24015EB028C0F193008412A1 /* AdderRow.swift in Sources */ = {isa = PBXBuildFile; fileRef = 24015EAF28C0F193008412A1 /* AdderRow.swift */; };
		24021659286A0C7B00756034 /* MeetXZoneRevampedApp.swift in Sources */ = {isa = PBXBuildFile; fileRef = 24021658286A0C7B00756034 /* MeetXZoneRevampedApp.swift */; };
		2402165D286A0C7C00756034 /* Assets.xcassets in Resources */ = {isa = PBXBuildFile; fileRef = 2402165C286A0C7C00756034 /* Assets.xcassets */; };
		24021661286A0C7C00756034 /* Preview Assets.xcassets in Resources */ = {isa = PBXBuildFile; fileRef = 24021660286A0C7C00756034 /* Preview Assets.xcassets */; };
		2411E32628C0C9E40062781E /* PresenterManager.swift in Sources */ = {isa = PBXBuildFile; fileRef = 2411E32528C0C9E40062781E /* PresenterManager.swift */; };
		24146B9B28C2517D00CC86C9 /* DetailView.swift in Sources */ = {isa = PBXBuildFile; fileRef = 24146B9A28C2517D00CC86C9 /* DetailView.swift */; };
		241EDC1828C5236100AD1F47 /* CustomPicker.swift in Sources */ = {isa = PBXBuildFile; fileRef = 241EDC1728C5236100AD1F47 /* CustomPicker.swift */; };
		242CCD9B28C240D800473CD3 /* UI_ScrollView.swift in Sources */ = {isa = PBXBuildFile; fileRef = 242CCD9A28C240D800473CD3 /* UI_ScrollView.swift */; };
		242DD2A828C565E500311BD7 /* SampleCell.swift in Sources */ = {isa = PBXBuildFile; fileRef = 242DD2A728C565E500311BD7 /* SampleCell.swift */; };
		242DD2AA28C568F500311BD7 /* PreferenceManager.swift in Sources */ = {isa = PBXBuildFile; fileRef = 242DD2A928C568F500311BD7 /* PreferenceManager.swift */; };
		243FB0BE28C22EC4006EBA3C /* SideBarWrapper.swift in Sources */ = {isa = PBXBuildFile; fileRef = 243FB0BD28C22EC4006EBA3C /* SideBarWrapper.swift */; };
		24513EB228C0169400F51F00 /* SideBar.swift in Sources */ = {isa = PBXBuildFile; fileRef = 24513EB128C0169400F51F00 /* SideBar.swift */; };
		24513EB428C0173D00F51F00 /* SideBarNavButton.swift in Sources */ = {isa = PBXBuildFile; fileRef = 24513EB328C0173D00F51F00 /* SideBarNavButton.swift */; };
		247C13C9287355AF00498F02 /* TimeZoneV3.xcdatamodeld in Sources */ = {isa = PBXBuildFile; fileRef = 247C13C7287355AF00498F02 /* TimeZoneV3.xcdatamodeld */; };
		247C13D12873594300498F02 /* Container.swift in Sources */ = {isa = PBXBuildFile; fileRef = 247C13D02873594300498F02 /* Container.swift */; };
		2496B7F928C01C4100B7FC0A /* TimeZoneAdder.swift in Sources */ = {isa = PBXBuildFile; fileRef = 2496B7F828C01C4100B7FC0A /* TimeZoneAdder.swift */; };
		24C2F474287B44EE00A82CC5 /* CalendarData.swift in Sources */ = {isa = PBXBuildFile; fileRef = 24C2F473287B44EE00A82CC5 /* CalendarData.swift */; };
		24C6A6C42870BE3900DE248E /* ContentView.swift in Sources */ = {isa = PBXBuildFile; fileRef = 24C6A6C32870BE3900DE248E /* ContentView.swift */; };
		24CAFE1028C3D9DE006ADAC1 /* SavedTimeZone+CoreDataClass.swift in Sources */ = {isa = PBXBuildFile; fileRef = 24CAFE0E28C3D9DE006ADAC1 /* SavedTimeZone+CoreDataClass.swift */; };
		24CAFE1128C3D9DE006ADAC1 /* SavedTimeZone+CoreDataProperties.swift in Sources */ = {isa = PBXBuildFile; fileRef = 24CAFE0F28C3D9DE006ADAC1 /* SavedTimeZone+CoreDataProperties.swift */; };
		24D47B36286FA88B00E9C4E8 /* cities15000.txt in Resources */ = {isa = PBXBuildFile; fileRef = 24D47B35286FA88B00E9C4E8 /* cities15000.txt */; };
		24D47B38286FA9B300E9C4E8 /* searchdata.swift in Sources */ = {isa = PBXBuildFile; fileRef = 24D47B37286FA9B300E9C4E8 /* searchdata.swift */; };
		24DBA5C628C2571B002FD912 /* SectionBCell.swift in Sources */ = {isa = PBXBuildFile; fileRef = 24DBA5C528C2571B002FD912 /* SectionBCell.swift */; };
		24DBA5C928C25926002FD912 /* SectionBRow.swift in Sources */ = {isa = PBXBuildFile; fileRef = 24DBA5C828C25926002FD912 /* SectionBRow.swift */; };
		24DBA5CC28C25B92002FD912 /* DateExtension.swift in Sources */ = {isa = PBXBuildFile; fileRef = 24DBA5CB28C25B92002FD912 /* DateExtension.swift */; };
		24E5BAA5287B7290001DCD86 /* CVCalendar in Frameworks */ = {isa = PBXBuildFile; productRef = 24E5BAA4287B7290001DCD86 /* CVCalendar */; };
		24FDF2E828C1882400D4B1FD /* TimeZoneAdderVM.swift in Sources */ = {isa = PBXBuildFile; fileRef = 24FDF2E728C1882400D4B1FD /* TimeZoneAdderVM.swift */; };
/* End PBXBuildFile section */

/* Begin PBXFileReference section */
		2400585428C512DB0096FB7F /* TimeManager.swift */ = {isa = PBXFileReference; lastKnownFileType = sourcecode.swift; path = TimeManager.swift; sourceTree = "<group>"; };
		2400585628C5144A0096FB7F /* SampleRow.swift */ = {isa = PBXFileReference; lastKnownFileType = sourcecode.swift; path = SampleRow.swift; sourceTree = "<group>"; };
		24015EAF28C0F193008412A1 /* AdderRow.swift */ = {isa = PBXFileReference; lastKnownFileType = sourcecode.swift; path = AdderRow.swift; sourceTree = "<group>"; };
		24021655286A0C7B00756034 /* MeetXZoneRevamped.app */ = {isa = PBXFileReference; explicitFileType = wrapper.application; includeInIndex = 0; path = MeetXZoneRevamped.app; sourceTree = BUILT_PRODUCTS_DIR; };
		24021658286A0C7B00756034 /* MeetXZoneRevampedApp.swift */ = {isa = PBXFileReference; lastKnownFileType = sourcecode.swift; path = MeetXZoneRevampedApp.swift; sourceTree = "<group>"; };
		2402165C286A0C7C00756034 /* Assets.xcassets */ = {isa = PBXFileReference; lastKnownFileType = folder.assetcatalog; path = Assets.xcassets; sourceTree = "<group>"; };
		2402165E286A0C7C00756034 /* MeetXZoneRevamped.entitlements */ = {isa = PBXFileReference; lastKnownFileType = text.plist.entitlements; path = MeetXZoneRevamped.entitlements; sourceTree = "<group>"; };
		24021660286A0C7C00756034 /* Preview Assets.xcassets */ = {isa = PBXFileReference; lastKnownFileType = folder.assetcatalog; path = "Preview Assets.xcassets"; sourceTree = "<group>"; };
		2411E32528C0C9E40062781E /* PresenterManager.swift */ = {isa = PBXFileReference; lastKnownFileType = sourcecode.swift; path = PresenterManager.swift; sourceTree = "<group>"; };
		24146B9A28C2517D00CC86C9 /* DetailView.swift */ = {isa = PBXFileReference; lastKnownFileType = sourcecode.swift; path = DetailView.swift; sourceTree = "<group>"; };
		241EDC1728C5236100AD1F47 /* CustomPicker.swift */ = {isa = PBXFileReference; lastKnownFileType = sourcecode.swift; path = CustomPicker.swift; sourceTree = "<group>"; };
		242CCD9A28C240D800473CD3 /* UI_ScrollView.swift */ = {isa = PBXFileReference; lastKnownFileType = sourcecode.swift; path = UI_ScrollView.swift; sourceTree = "<group>"; };
		242DD2A728C565E500311BD7 /* SampleCell.swift */ = {isa = PBXFileReference; lastKnownFileType = sourcecode.swift; path = SampleCell.swift; sourceTree = "<group>"; };
		242DD2A928C568F500311BD7 /* PreferenceManager.swift */ = {isa = PBXFileReference; lastKnownFileType = sourcecode.swift; path = PreferenceManager.swift; sourceTree = "<group>"; };
		243FB0BD28C22EC4006EBA3C /* SideBarWrapper.swift */ = {isa = PBXFileReference; lastKnownFileType = sourcecode.swift; path = SideBarWrapper.swift; sourceTree = "<group>"; };
		24513EB128C0169400F51F00 /* SideBar.swift */ = {isa = PBXFileReference; lastKnownFileType = sourcecode.swift; path = SideBar.swift; sourceTree = "<group>"; };
		24513EB328C0173D00F51F00 /* SideBarNavButton.swift */ = {isa = PBXFileReference; lastKnownFileType = sourcecode.swift; path = SideBarNavButton.swift; sourceTree = "<group>"; };
		247C13C8287355AF00498F02 /* TimeZoneV3.xcdatamodel */ = {isa = PBXFileReference; lastKnownFileType = wrapper.xcdatamodel; path = TimeZoneV3.xcdatamodel; sourceTree = "<group>"; };
		247C13D02873594300498F02 /* Container.swift */ = {isa = PBXFileReference; lastKnownFileType = sourcecode.swift; path = Container.swift; sourceTree = "<group>"; };
		2496B7F828C01C4100B7FC0A /* TimeZoneAdder.swift */ = {isa = PBXFileReference; lastKnownFileType = sourcecode.swift; path = TimeZoneAdder.swift; sourceTree = "<group>"; };
		24C2F473287B44EE00A82CC5 /* CalendarData.swift */ = {isa = PBXFileReference; lastKnownFileType = sourcecode.swift; path = CalendarData.swift; sourceTree = "<group>"; };
		24C6A6C32870BE3900DE248E /* ContentView.swift */ = {isa = PBXFileReference; lastKnownFileType = sourcecode.swift; path = ContentView.swift; sourceTree = "<group>"; };
		24CAFE0D28C3D6A0006ADAC1 /* TimeZoneV3.01.xcdatamodel */ = {isa = PBXFileReference; lastKnownFileType = wrapper.xcdatamodel; path = TimeZoneV3.01.xcdatamodel; sourceTree = "<group>"; };
		24CAFE0E28C3D9DE006ADAC1 /* SavedTimeZone+CoreDataClass.swift */ = {isa = PBXFileReference; lastKnownFileType = sourcecode.swift; path = "SavedTimeZone+CoreDataClass.swift"; sourceTree = "<group>"; };
		24CAFE0F28C3D9DE006ADAC1 /* SavedTimeZone+CoreDataProperties.swift */ = {isa = PBXFileReference; lastKnownFileType = sourcecode.swift; path = "SavedTimeZone+CoreDataProperties.swift"; sourceTree = "<group>"; };
		24D47B35286FA88B00E9C4E8 /* cities15000.txt */ = {isa = PBXFileReference; fileEncoding = 4; lastKnownFileType = text; path = cities15000.txt; sourceTree = "<group>"; };
		24D47B37286FA9B300E9C4E8 /* searchdata.swift */ = {isa = PBXFileReference; lastKnownFileType = sourcecode.swift; path = searchdata.swift; sourceTree = "<group>"; };
		24DBA5C528C2571B002FD912 /* SectionBCell.swift */ = {isa = PBXFileReference; lastKnownFileType = sourcecode.swift; path = SectionBCell.swift; sourceTree = "<group>"; };
		24DBA5C828C25926002FD912 /* SectionBRow.swift */ = {isa = PBXFileReference; lastKnownFileType = sourcecode.swift; path = SectionBRow.swift; sourceTree = "<group>"; };
		24DBA5CB28C25B92002FD912 /* DateExtension.swift */ = {isa = PBXFileReference; lastKnownFileType = sourcecode.swift; path = DateExtension.swift; sourceTree = "<group>"; };
		24FDF2E728C1882400D4B1FD /* TimeZoneAdderVM.swift */ = {isa = PBXFileReference; lastKnownFileType = sourcecode.swift; path = TimeZoneAdderVM.swift; sourceTree = "<group>"; };
/* End PBXFileReference section */

/* Begin PBXFrameworksBuildPhase section */
		24021652286A0C7B00756034 /* Frameworks */ = {
			isa = PBXFrameworksBuildPhase;
			buildActionMask = 2147483647;
			files = (
				24E5BAA5287B7290001DCD86 /* CVCalendar in Frameworks */,
			);
			runOnlyForDeploymentPostprocessing = 0;
		};
/* End PBXFrameworksBuildPhase section */

/* Begin PBXGroup section */
		2400585328C512C80096FB7F /* Time Manager */ = {
			isa = PBXGroup;
			children = (
				2400585428C512DB0096FB7F /* TimeManager.swift */,
				242DD2A628C565DA00311BD7 /* Sample */,
				241EDC1728C5236100AD1F47 /* CustomPicker.swift */,
			);
			path = "Time Manager";
			sourceTree = "<group>";
		};
		24015EAE28C0F181008412A1 /* Adder */ = {
			isa = PBXGroup;
			children = (
				2496B7F828C01C4100B7FC0A /* TimeZoneAdder.swift */,
				24015EAF28C0F193008412A1 /* AdderRow.swift */,
				24FDF2E728C1882400D4B1FD /* TimeZoneAdderVM.swift */,
			);
			path = Adder;
			sourceTree = "<group>";
		};
		2402164C286A0C7B00756034 = {
			isa = PBXGroup;
			children = (
				24021657286A0C7B00756034 /* MeetXZoneRevamped */,
				24021656286A0C7B00756034 /* Products */,
			);
			sourceTree = "<group>";
		};
		24021656286A0C7B00756034 /* Products */ = {
			isa = PBXGroup;
			children = (
				24021655286A0C7B00756034 /* MeetXZoneRevamped.app */,
			);
			name = Products;
			sourceTree = "<group>";
		};
		24021657286A0C7B00756034 /* MeetXZoneRevamped */ = {
			isa = PBXGroup;
			children = (
				2402165E286A0C7C00756034 /* MeetXZoneRevamped.entitlements */,
				2402165F286A0C7C00756034 /* Preview Content */,
				24C6A6C72870C4D500DE248E /* Core Data */,
				24DBA5CA28C25B85002FD912 /* Extensions */,
				2402165C286A0C7C00756034 /* Assets.xcassets */,
				24C6A6C62870BE6200DE248E /* Core App */,
				24C6A6C52870BE4F00DE248E /* Data */,
				24C6A6C02870BDDA00DE248E /* Views */,
			);
			path = MeetXZoneRevamped;
			sourceTree = "<group>";
		};
		2402165F286A0C7C00756034 /* Preview Content */ = {
			isa = PBXGroup;
			children = (
				24021660286A0C7C00756034 /* Preview Assets.xcassets */,
			);
			path = "Preview Content";
			sourceTree = "<group>";
		};
		242CCD9928C23F6B00473CD3 /* Detail View */ = {
			isa = PBXGroup;
			children = (
				24DBA5C428C2570A002FD912 /* Row Views */,
				24146B9A28C2517D00CC86C9 /* DetailView.swift */,
			);
			path = "Detail View";
			sourceTree = "<group>";
		};
		242DD2A628C565DA00311BD7 /* Sample */ = {
			isa = PBXGroup;
			children = (
				2400585628C5144A0096FB7F /* SampleRow.swift */,
				242DD2A728C565E500311BD7 /* SampleCell.swift */,
			);
			path = Sample;
			sourceTree = "<group>";
		};
		24513EAE28C0155F00F51F00 /* SideBar */ = {
			isa = PBXGroup;
			children = (
				243FB0BD28C22EC4006EBA3C /* SideBarWrapper.swift */,
				24513EB128C0169400F51F00 /* SideBar.swift */,
				24513EB328C0173D00F51F00 /* SideBarNavButton.swift */,
			);
			path = SideBar;
			sourceTree = "<group>";
		};
		24C6A6C02870BDDA00DE248E /* Views */ = {
			isa = PBXGroup;
			children = (
				2400585328C512C80096FB7F /* Time Manager */,
				242CCD9928C23F6B00473CD3 /* Detail View */,
				24015EAE28C0F181008412A1 /* Adder */,
				24513EAE28C0155F00F51F00 /* SideBar */,
			);
			path = Views;
			sourceTree = "<group>";
		};
		24C6A6C52870BE4F00DE248E /* Data */ = {
			isa = PBXGroup;
			children = (
				24C2F473287B44EE00A82CC5 /* CalendarData.swift */,
				24D47B37286FA9B300E9C4E8 /* searchdata.swift */,
				24D47B35286FA88B00E9C4E8 /* cities15000.txt */,
			);
			path = Data;
			sourceTree = "<group>";
		};
		24C6A6C62870BE6200DE248E /* Core App */ = {
			isa = PBXGroup;
			children = (
				24C6A6C32870BE3900DE248E /* ContentView.swift */,
				24021658286A0C7B00756034 /* MeetXZoneRevampedApp.swift */,
				2411E32528C0C9E40062781E /* PresenterManager.swift */,
				242DD2A928C568F500311BD7 /* PreferenceManager.swift */,
			);
			path = "Core App";
			sourceTree = "<group>";
		};
		24C6A6C72870C4D500DE248E /* Core Data */ = {
			isa = PBXGroup;
			children = (
				24CAFE0E28C3D9DE006ADAC1 /* SavedTimeZone+CoreDataClass.swift */,
				24CAFE0F28C3D9DE006ADAC1 /* SavedTimeZone+CoreDataProperties.swift */,
				247C13C7287355AF00498F02 /* TimeZoneV3.xcdatamodeld */,
				247C13D02873594300498F02 /* Container.swift */,
			);
			path = "Core Data";
			sourceTree = "<group>";
		};
		24DBA5C428C2570A002FD912 /* Row Views */ = {
			isa = PBXGroup;
			children = (
				24DBA5C728C258FC002FD912 /* SectionB */,
				242CCD9A28C240D800473CD3 /* UI_ScrollView.swift */,
			);
			path = "Row Views";
			sourceTree = "<group>";
		};
		24DBA5C728C258FC002FD912 /* SectionB */ = {
			isa = PBXGroup;
			children = (
				24DBA5C528C2571B002FD912 /* SectionBCell.swift */,
				24DBA5C828C25926002FD912 /* SectionBRow.swift */,
			);
			path = SectionB;
			sourceTree = "<group>";
		};
		24DBA5CA28C25B85002FD912 /* Extensions */ = {
			isa = PBXGroup;
			children = (
				24DBA5CB28C25B92002FD912 /* DateExtension.swift */,
			);
			path = Extensions;
			sourceTree = "<group>";
		};
/* End PBXGroup section */

/* Begin PBXNativeTarget section */
		24021654286A0C7B00756034 /* MeetXZoneRevamped */ = {
			isa = PBXNativeTarget;
			buildConfigurationList = 24021664286A0C7C00756034 /* Build configuration list for PBXNativeTarget "MeetXZoneRevamped" */;
			buildPhases = (
				24021651286A0C7B00756034 /* Sources */,
				24021652286A0C7B00756034 /* Frameworks */,
				24021653286A0C7B00756034 /* Resources */,
			);
			buildRules = (
			);
			dependencies = (
			);
			name = MeetXZoneRevamped;
			packageProductDependencies = (
				24E5BAA4287B7290001DCD86 /* CVCalendar */,
			);
			productName = MeetXZoneRevamped;
			productReference = 24021655286A0C7B00756034 /* MeetXZoneRevamped.app */;
			productType = "com.apple.product-type.application";
		};
/* End PBXNativeTarget section */

/* Begin PBXProject section */
		2402164D286A0C7B00756034 /* Project object */ = {
			isa = PBXProject;
			attributes = {
				BuildIndependentTargetsInParallel = 1;
				LastSwiftUpdateCheck = 1400;
				LastUpgradeCheck = 1400;
				TargetAttributes = {
					24021654286A0C7B00756034 = {
						CreatedOnToolsVersion = 14.0;
					};
				};
			};
			buildConfigurationList = 24021650286A0C7B00756034 /* Build configuration list for PBXProject "MeetXZoneRevamped" */;
			compatibilityVersion = "Xcode 14.0";
			developmentRegion = en;
			hasScannedForEncodings = 0;
			knownRegions = (
				en,
				Base,
			);
			mainGroup = 2402164C286A0C7B00756034;
			packageReferences = (
				24E5BAA3287B7290001DCD86 /* XCRemoteSwiftPackageReference "CVCalendar" */,
			);
			productRefGroup = 24021656286A0C7B00756034 /* Products */;
			projectDirPath = "";
			projectRoot = "";
			targets = (
				24021654286A0C7B00756034 /* MeetXZoneRevamped */,
			);
		};
/* End PBXProject section */

/* Begin PBXResourcesBuildPhase section */
		24021653286A0C7B00756034 /* Resources */ = {
			isa = PBXResourcesBuildPhase;
			buildActionMask = 2147483647;
			files = (
				24D47B36286FA88B00E9C4E8 /* cities15000.txt in Resources */,
				24021661286A0C7C00756034 /* Preview Assets.xcassets in Resources */,
				2402165D286A0C7C00756034 /* Assets.xcassets in Resources */,
			);
			runOnlyForDeploymentPostprocessing = 0;
		};
/* End PBXResourcesBuildPhase section */

/* Begin PBXSourcesBuildPhase section */
		24021651286A0C7B00756034 /* Sources */ = {
			isa = PBXSourcesBuildPhase;
			buildActionMask = 2147483647;
			files = (
				242DD2AA28C568F500311BD7 /* PreferenceManager.swift in Sources */,
				24513EB228C0169400F51F00 /* SideBar.swift in Sources */,
				24DBA5CC28C25B92002FD912 /* DateExtension.swift in Sources */,
				2400585528C512DB0096FB7F /* TimeManager.swift in Sources */,
				24FDF2E828C1882400D4B1FD /* TimeZoneAdderVM.swift in Sources */,
				2400585728C5144A0096FB7F /* SampleRow.swift in Sources */,
				242DD2A828C565E500311BD7 /* SampleCell.swift in Sources */,
				24146B9B28C2517D00CC86C9 /* DetailView.swift in Sources */,
				24DBA5C928C25926002FD912 /* SectionBRow.swift in Sources */,
				2411E32628C0C9E40062781E /* PresenterManager.swift in Sources */,
				24CAFE1128C3D9DE006ADAC1 /* SavedTimeZone+CoreDataProperties.swift in Sources */,
				2496B7F928C01C4100B7FC0A /* TimeZoneAdder.swift in Sources */,
				24DBA5C628C2571B002FD912 /* SectionBCell.swift in Sources */,
				24015EB028C0F193008412A1 /* AdderRow.swift in Sources */,
				242CCD9B28C240D800473CD3 /* UI_ScrollView.swift in Sources */,
				24C2F474287B44EE00A82CC5 /* CalendarData.swift in Sources */,
				241EDC1828C5236100AD1F47 /* CustomPicker.swift in Sources */,
				24D47B38286FA9B300E9C4E8 /* searchdata.swift in Sources */,
				24021659286A0C7B00756034 /* MeetXZoneRevampedApp.swift in Sources */,
				243FB0BE28C22EC4006EBA3C /* SideBarWrapper.swift in Sources */,
				247C13D12873594300498F02 /* Container.swift in Sources */,
				24C6A6C42870BE3900DE248E /* ContentView.swift in Sources */,
				24CAFE1028C3D9DE006ADAC1 /* SavedTimeZone+CoreDataClass.swift in Sources */,
				247C13C9287355AF00498F02 /* TimeZoneV3.xcdatamodeld in Sources */,
				24513EB428C0173D00F51F00 /* SideBarNavButton.swift in Sources */,
			);
			runOnlyForDeploymentPostprocessing = 0;
		};
/* End PBXSourcesBuildPhase section */

/* Begin XCBuildConfiguration section */
		24021662286A0C7C00756034 /* Debug */ = {
			isa = XCBuildConfiguration;
			buildSettings = {
				ALWAYS_SEARCH_USER_PATHS = NO;
				CLANG_ANALYZER_NONNULL = YES;
				CLANG_ANALYZER_NUMBER_OBJECT_CONVERSION = YES_AGGRESSIVE;
				CLANG_CXX_LANGUAGE_STANDARD = "gnu++17";
				CLANG_ENABLE_MODULES = YES;
				CLANG_ENABLE_OBJC_ARC = YES;
				CLANG_ENABLE_OBJC_WEAK = YES;
				CLANG_WARN_BLOCK_CAPTURE_AUTORELEASING = YES;
				CLANG_WARN_BOOL_CONVERSION = YES;
				CLANG_WARN_COMMA = YES;
				CLANG_WARN_CONSTANT_CONVERSION = YES;
				CLANG_WARN_DEPRECATED_OBJC_IMPLEMENTATIONS = YES;
				CLANG_WARN_DIRECT_OBJC_ISA_USAGE = YES_ERROR;
				CLANG_WARN_DOCUMENTATION_COMMENTS = YES;
				CLANG_WARN_EMPTY_BODY = YES;
				CLANG_WARN_ENUM_CONVERSION = YES;
				CLANG_WARN_INFINITE_RECURSION = YES;
				CLANG_WARN_INT_CONVERSION = YES;
				CLANG_WARN_NON_LITERAL_NULL_CONVERSION = YES;
				CLANG_WARN_OBJC_IMPLICIT_RETAIN_SELF = YES;
				CLANG_WARN_OBJC_LITERAL_CONVERSION = YES;
				CLANG_WARN_OBJC_ROOT_CLASS = YES_ERROR;
				CLANG_WARN_QUOTED_INCLUDE_IN_FRAMEWORK_HEADER = YES;
				CLANG_WARN_RANGE_LOOP_ANALYSIS = YES;
				CLANG_WARN_STRICT_PROTOTYPES = YES;
				CLANG_WARN_SUSPICIOUS_MOVE = YES;
				CLANG_WARN_UNGUARDED_AVAILABILITY = YES_AGGRESSIVE;
				CLANG_WARN_UNREACHABLE_CODE = YES;
				CLANG_WARN__DUPLICATE_METHOD_MATCH = YES;
				COPY_PHASE_STRIP = NO;
				DEBUG_INFORMATION_FORMAT = dwarf;
				ENABLE_STRICT_OBJC_MSGSEND = YES;
				ENABLE_TESTABILITY = YES;
				GCC_C_LANGUAGE_STANDARD = gnu11;
				GCC_DYNAMIC_NO_PIC = NO;
				GCC_NO_COMMON_BLOCKS = YES;
				GCC_OPTIMIZATION_LEVEL = 0;
				GCC_PREPROCESSOR_DEFINITIONS = (
					"DEBUG=1",
					"$(inherited)",
				);
				GCC_WARN_64_TO_32_BIT_CONVERSION = YES;
				GCC_WARN_ABOUT_RETURN_TYPE = YES_ERROR;
				GCC_WARN_UNDECLARED_SELECTOR = YES;
				GCC_WARN_UNINITIALIZED_AUTOS = YES_AGGRESSIVE;
				GCC_WARN_UNUSED_FUNCTION = YES;
				GCC_WARN_UNUSED_VARIABLE = YES;
				IPHONEOS_DEPLOYMENT_TARGET = 16.0;
				MACOSX_DEPLOYMENT_TARGET = 13.0;
				MTL_ENABLE_DEBUG_INFO = INCLUDE_SOURCE;
				MTL_FAST_MATH = YES;
				ONLY_ACTIVE_ARCH = YES;
				SWIFT_ACTIVE_COMPILATION_CONDITIONS = DEBUG;
				SWIFT_OPTIMIZATION_LEVEL = "-Onone";
			};
			name = Debug;
		};
		24021663286A0C7C00756034 /* Release */ = {
			isa = XCBuildConfiguration;
			buildSettings = {
				ALWAYS_SEARCH_USER_PATHS = NO;
				CLANG_ANALYZER_NONNULL = YES;
				CLANG_ANALYZER_NUMBER_OBJECT_CONVERSION = YES_AGGRESSIVE;
				CLANG_CXX_LANGUAGE_STANDARD = "gnu++17";
				CLANG_ENABLE_MODULES = YES;
				CLANG_ENABLE_OBJC_ARC = YES;
				CLANG_ENABLE_OBJC_WEAK = YES;
				CLANG_WARN_BLOCK_CAPTURE_AUTORELEASING = YES;
				CLANG_WARN_BOOL_CONVERSION = YES;
				CLANG_WARN_COMMA = YES;
				CLANG_WARN_CONSTANT_CONVERSION = YES;
				CLANG_WARN_DEPRECATED_OBJC_IMPLEMENTATIONS = YES;
				CLANG_WARN_DIRECT_OBJC_ISA_USAGE = YES_ERROR;
				CLANG_WARN_DOCUMENTATION_COMMENTS = YES;
				CLANG_WARN_EMPTY_BODY = YES;
				CLANG_WARN_ENUM_CONVERSION = YES;
				CLANG_WARN_INFINITE_RECURSION = YES;
				CLANG_WARN_INT_CONVERSION = YES;
				CLANG_WARN_NON_LITERAL_NULL_CONVERSION = YES;
				CLANG_WARN_OBJC_IMPLICIT_RETAIN_SELF = YES;
				CLANG_WARN_OBJC_LITERAL_CONVERSION = YES;
				CLANG_WARN_OBJC_ROOT_CLASS = YES_ERROR;
				CLANG_WARN_QUOTED_INCLUDE_IN_FRAMEWORK_HEADER = YES;
				CLANG_WARN_RANGE_LOOP_ANALYSIS = YES;
				CLANG_WARN_STRICT_PROTOTYPES = YES;
				CLANG_WARN_SUSPICIOUS_MOVE = YES;
				CLANG_WARN_UNGUARDED_AVAILABILITY = YES_AGGRESSIVE;
				CLANG_WARN_UNREACHABLE_CODE = YES;
				CLANG_WARN__DUPLICATE_METHOD_MATCH = YES;
				COPY_PHASE_STRIP = NO;
				DEBUG_INFORMATION_FORMAT = "dwarf-with-dsym";
				ENABLE_NS_ASSERTIONS = NO;
				ENABLE_STRICT_OBJC_MSGSEND = YES;
				GCC_C_LANGUAGE_STANDARD = gnu11;
				GCC_NO_COMMON_BLOCKS = YES;
				GCC_WARN_64_TO_32_BIT_CONVERSION = YES;
				GCC_WARN_ABOUT_RETURN_TYPE = YES_ERROR;
				GCC_WARN_UNDECLARED_SELECTOR = YES;
				GCC_WARN_UNINITIALIZED_AUTOS = YES_AGGRESSIVE;
				GCC_WARN_UNUSED_FUNCTION = YES;
				GCC_WARN_UNUSED_VARIABLE = YES;
				IPHONEOS_DEPLOYMENT_TARGET = 16.0;
				MACOSX_DEPLOYMENT_TARGET = 13.0;
				MTL_ENABLE_DEBUG_INFO = NO;
				MTL_FAST_MATH = YES;
				SWIFT_COMPILATION_MODE = wholemodule;
				SWIFT_OPTIMIZATION_LEVEL = "-O";
			};
			name = Release;
		};
		24021665286A0C7C00756034 /* Debug */ = {
			isa = XCBuildConfiguration;
			buildSettings = {
				ASSETCATALOG_COMPILER_APPICON_NAME = AppIcon;
				ASSETCATALOG_COMPILER_GLOBAL_ACCENT_COLOR_NAME = AccentColor;
				CODE_SIGN_ENTITLEMENTS = MeetXZoneRevamped/MeetXZoneRevamped.entitlements;
				CODE_SIGN_STYLE = Automatic;
				CURRENT_PROJECT_VERSION = 1;
				DEVELOPMENT_ASSET_PATHS = "\"MeetXZoneRevamped/Preview Content\"";
				DEVELOPMENT_TEAM = G42C3QL88Q;
				ENABLE_HARDENED_RUNTIME = YES;
				ENABLE_PREVIEWS = YES;
				GENERATE_INFOPLIST_FILE = YES;
				INFOPLIST_KEY_NSCalendarsUsageDescription = "Calendar Data is needed for the app to show calendar events in different time zones";
				"INFOPLIST_KEY_UILaunchScreen_Generation[sdk=iphoneos*]" = YES;
				"INFOPLIST_KEY_UILaunchScreen_Generation[sdk=iphonesimulator*]" = YES;
				INFOPLIST_KEY_UISupportedInterfaceOrientations_iPad = "UIInterfaceOrientationPortrait UIInterfaceOrientationPortraitUpsideDown UIInterfaceOrientationLandscapeLeft UIInterfaceOrientationLandscapeRight";
				INFOPLIST_KEY_UISupportedInterfaceOrientations_iPhone = "UIInterfaceOrientationPortrait UIInterfaceOrientationLandscapeLeft UIInterfaceOrientationLandscapeRight";
				IPHONEOS_DEPLOYMENT_TARGET = 15.0;
				LD_RUNPATH_SEARCH_PATHS = "@executable_path/Frameworks";
				"LD_RUNPATH_SEARCH_PATHS[sdk=macosx*]" = "@executable_path/../Frameworks";
				MACOSX_DEPLOYMENT_TARGET = 12.0;
				MARKETING_VERSION = 1.0;
				PRODUCT_BUNDLE_IDENTIFIER = com.OVTesting.MeetXZoneRevamped;
				PRODUCT_NAME = "$(TARGET_NAME)";
				SDKROOT = auto;
				SUPPORTED_PLATFORMS = "iphoneos iphonesimulator macosx";
				SWIFT_EMIT_LOC_STRINGS = YES;
				SWIFT_VERSION = 5.0;
				TARGETED_DEVICE_FAMILY = "1,2";
			};
			name = Debug;
		};
		24021666286A0C7C00756034 /* Release */ = {
			isa = XCBuildConfiguration;
			buildSettings = {
				ASSETCATALOG_COMPILER_APPICON_NAME = AppIcon;
				ASSETCATALOG_COMPILER_GLOBAL_ACCENT_COLOR_NAME = AccentColor;
				CODE_SIGN_ENTITLEMENTS = MeetXZoneRevamped/MeetXZoneRevamped.entitlements;
				CODE_SIGN_STYLE = Automatic;
				CURRENT_PROJECT_VERSION = 1;
				DEVELOPMENT_ASSET_PATHS = "\"MeetXZoneRevamped/Preview Content\"";
				DEVELOPMENT_TEAM = G42C3QL88Q;
				ENABLE_HARDENED_RUNTIME = YES;
				ENABLE_PREVIEWS = YES;
				GENERATE_INFOPLIST_FILE = YES;
				INFOPLIST_KEY_NSCalendarsUsageDescription = "Calendar Data is needed for the app to show calendar events in different time zones";
				"INFOPLIST_KEY_UILaunchScreen_Generation[sdk=iphoneos*]" = YES;
				"INFOPLIST_KEY_UILaunchScreen_Generation[sdk=iphonesimulator*]" = YES;
				INFOPLIST_KEY_UISupportedInterfaceOrientations_iPad = "UIInterfaceOrientationPortrait UIInterfaceOrientationPortraitUpsideDown UIInterfaceOrientationLandscapeLeft UIInterfaceOrientationLandscapeRight";
				INFOPLIST_KEY_UISupportedInterfaceOrientations_iPhone = "UIInterfaceOrientationPortrait UIInterfaceOrientationLandscapeLeft UIInterfaceOrientationLandscapeRight";
				IPHONEOS_DEPLOYMENT_TARGET = 15.0;
				LD_RUNPATH_SEARCH_PATHS = "@executable_path/Frameworks";
				"LD_RUNPATH_SEARCH_PATHS[sdk=macosx*]" = "@executable_path/../Frameworks";
				MACOSX_DEPLOYMENT_TARGET = 12.0;
				MARKETING_VERSION = 1.0;
				PRODUCT_BUNDLE_IDENTIFIER = com.OVTesting.MeetXZoneRevamped;
				PRODUCT_NAME = "$(TARGET_NAME)";
				SDKROOT = auto;
				SUPPORTED_PLATFORMS = "iphoneos iphonesimulator macosx";
				SWIFT_EMIT_LOC_STRINGS = YES;
				SWIFT_VERSION = 5.0;
				TARGETED_DEVICE_FAMILY = "1,2";
			};
			name = Release;
		};
/* End XCBuildConfiguration section */

/* Begin XCConfigurationList section */
		24021650286A0C7B00756034 /* Build configuration list for PBXProject "MeetXZoneRevamped" */ = {
			isa = XCConfigurationList;
			buildConfigurations = (
				24021662286A0C7C00756034 /* Debug */,
				24021663286A0C7C00756034 /* Release */,
			);
			defaultConfigurationIsVisible = 0;
			defaultConfigurationName = Release;
		};
		24021664286A0C7C00756034 /* Build configuration list for PBXNativeTarget "MeetXZoneRevamped" */ = {
			isa = XCConfigurationList;
			buildConfigurations = (
				24021665286A0C7C00756034 /* Debug */,
				24021666286A0C7C00756034 /* Release */,
			);
			defaultConfigurationIsVisible = 0;
			defaultConfigurationName = Release;
		};
/* End XCConfigurationList section */

/* Begin XCRemoteSwiftPackageReference section */
		24E5BAA3287B7290001DCD86 /* XCRemoteSwiftPackageReference "CVCalendar" */ = {
			isa = XCRemoteSwiftPackageReference;
			repositoryURL = "https://github.com/CVCalendar/CVCalendar";
			requirement = {
				kind = upToNextMajorVersion;
				minimumVersion = 1.0.0;
			};
		};
/* End XCRemoteSwiftPackageReference section */

/* Begin XCSwiftPackageProductDependency section */
		24E5BAA4287B7290001DCD86 /* CVCalendar */ = {
			isa = XCSwiftPackageProductDependency;
			package = 24E5BAA3287B7290001DCD86 /* XCRemoteSwiftPackageReference "CVCalendar" */;
			productName = CVCalendar;
		};
/* End XCSwiftPackageProductDependency section */

/* Begin XCVersionGroup section */
		247C13C7287355AF00498F02 /* TimeZoneV3.xcdatamodeld */ = {
			isa = XCVersionGroup;
			children = (
				24CAFE0D28C3D6A0006ADAC1 /* TimeZoneV3.01.xcdatamodel */,
				247C13C8287355AF00498F02 /* TimeZoneV3.xcdatamodel */,
			);
			currentVersion = 24CAFE0D28C3D6A0006ADAC1 /* TimeZoneV3.01.xcdatamodel */;
			path = TimeZoneV3.xcdatamodeld;
			sourceTree = "<group>";
			versionGroupType = wrapper.xcdatamodel;
		};
/* End XCVersionGroup section */
	};
	rootObject = 2402164D286A0C7B00756034 /* Project object */;
}
